
Microsoft Visual Studio Solution File, Format Version 12.00
# Visual Studio Version 17
VisualStudioVersion = 17.13.35931.197 d17.13
MinimumVisualStudioVersion = 10.0.40219.1
Project("{FAE04EC0-301F-11D3-BF4B-00C04F79EFBC}") = "InhaleController", "InhaleController\InhaleController.csproj", "{DC9D5E2B-BA5B-470A-9B7D-93EF99024071}"
EndProject
Global
	GlobalSection(SolutionConfigurationPlatforms) = preSolution
		Debug|Any CPU = Debug|Any CPU
		Release|Any CPU = Release|Any CPU
	EndGlobalSection
	GlobalSection(ProjectConfigurationPlatforms) = postSolution
		{DC9D5E2B-BA5B-470A-9B7D-93EF99024071}.Debug|Any CPU.ActiveCfg = Debug|Any CPU
		{DC9D5E2B-BA5B-470A-9B7D-93EF99024071}.Debug|Any CPU.Build.0 = Debug|Any CPU
		{DC9D5E2B-BA5B-470A-9B7D-93EF99024071}.Release|Any CPU.ActiveCfg = Release|Any CPU
		{DC9D5E2B-BA5B-470A-9B7D-93EF99024071}.Release|Any CPU.Build.0 = Release|Any CPU
	EndGlobalSection
	GlobalSection(SolutionProperties) = preSolution
		HideSolutionNode = FALSE
	EndGlobalSection
	GlobalSection(ExtensibilityGlobals) = postSolution
		SolutionGuid = {12EC90AE-8D9B-4AEA-8321-7AC99087A769}
	EndGlobalSection
EndGlobal
